
Microsoft Visual Studio Solution File, Format Version 12.00
# Visual Studio Version 17
VisualStudioVersion = 17.14.36408.4 d17.14
MinimumVisualStudioVersion = 10.0.40219.1
Project("{FAE04EC0-301F-11D3-BF4B-00C04F79EFBC}") = "AuchanGiftCardChecker", "AuchanGiftCardChecker\AuchanGiftCardChecker.csproj", "{79E9E612-F5F6-419F-94AD-42735FB0EAAB}"
EndProject
Global
	GlobalSection(SolutionConfigurationPlatforms) = preSolution
		Debug|Any CPU = Debug|Any CPU
		Release|Any CPU = Release|Any CPU
	EndGlobalSection
	GlobalSection(ProjectConfigurationPlatforms) = postSolution
		{79E9E612-F5F6-419F-94AD-42735FB0EAAB}.Debug|Any CPU.ActiveCfg = Debug|Any CPU
		{79E9E612-F5F6-419F-94AD-42735FB0EAAB}.Debug|Any CPU.Build.0 = Debug|Any CPU
		{79E9E612-F5F6-419F-94AD-42735FB0EAAB}.Release|Any CPU.ActiveCfg = Release|Any CPU
		{79E9E612-F5F6-419F-94AD-42735FB0EAAB}.Release|Any CPU.Build.0 = Release|Any CPU
	EndGlobalSection
	GlobalSection(SolutionProperties) = preSolution
		HideSolutionNode = FALSE
	EndGlobalSection
	GlobalSection(ExtensibilityGlobals) = postSolution
		SolutionGuid = {0615D85B-D28B-4983-92FB-1EA0F5B3372C}
	EndGlobalSection
EndGlobal
